// !$*UTF8*$!
{
	archiveVersion = 1;
	classes = {
	};
	objectVersion = 46;
	objects = {

/* Begin PBXBuildFile section */
		279D85531BA714020096141E /* AppDelegate.swift in Sources */ = {isa = PBXBuildFile; fileRef = 279D85521BA714020096141E /* AppDelegate.swift */; };
		279D85551BA714020096141E /* ViewController.swift in Sources */ = {isa = PBXBuildFile; fileRef = 279D85541BA714020096141E /* ViewController.swift */; };
		279D85581BA714020096141E /* Main.storyboard in Resources */ = {isa = PBXBuildFile; fileRef = 279D85561BA714020096141E /* Main.storyboard */; };
		279D855D1BA714020096141E /* LaunchScreen.storyboard in Resources */ = {isa = PBXBuildFile; fileRef = 279D855B1BA714020096141E /* LaunchScreen.storyboard */; };
		279F16B11BB038B400883921 /* Assets.xcassets in Resources */ = {isa = PBXBuildFile; fileRef = 279F16B01BB038B400883921 /* Assets.xcassets */; settings = {ASSET_TAGS = (); }; };
/* End PBXBuildFile section */

/* Begin PBXFileReference section */
		279D854F1BA714020096141E /* MultiplesApp.app */ = {isa = PBXFileReference; explicitFileType = wrapper.application; includeInIndex = 0; path = MultiplesApp.app; sourceTree = BUILT_PRODUCTS_DIR; };
		279D85521BA714020096141E /* AppDelegate.swift */ = {isa = PBXFileReference; lastKnownFileType = sourcecode.swift; path = AppDelegate.swift; sourceTree = "<group>"; };
		279D85541BA714020096141E /* ViewController.swift */ = {isa = PBXFileReference; lastKnownFileType = sourcecode.swift; path = ViewController.swift; sourceTree = "<group>"; };
		279D85571BA714020096141E /* Base */ = {isa = PBXFileReference; lastKnownFileType = file.storyboard; name = Base; path = Base.lproj/Main.storyboard; sourceTree = "<group>"; };
		279D855C1BA714020096141E /* Base */ = {isa = PBXFileReference; lastKnownFileType = file.storyboard; name = Base; path = Base.lproj/LaunchScreen.storyboard; sourceTree = "<group>"; };
		279D855E1BA714020096141E /* Info.plist */ = {isa = PBXFileReference; lastKnownFileType = text.plist.xml; path = Info.plist; sourceTree = "<group>"; };
		279F16B01BB038B400883921 /* Assets.xcassets */ = {isa = PBXFileReference; lastKnownFileType = folder.assetcatalog; path = Assets.xcassets; sourceTree = "<group>"; };
/* End PBXFileReference section */

/* Begin PBXFrameworksBuildPhase section */
		279D854C1BA714020096141E /* Frameworks */ = {
			isa = PBXFrameworksBuildPhase;
			buildActionMask = 2147483647;
			files = (
			);
			runOnlyForDeploymentPostprocessing = 0;
		};
/* End PBXFrameworksBuildPhase section */

/* Begin PBXGroup section */
		279D85461BA714020096141E = {
			isa = PBXGroup;
			children = (
				279D85511BA714020096141E /* MultiplesApp */,
				279D85501BA714020096141E /* Products */,
			);
			sourceTree = "<group>";
		};
		279D85501BA714020096141E /* Products */ = {
			isa = PBXGroup;
			children = (
				279D854F1BA714020096141E /* MultiplesApp.app */,
			);
			name = Products;
			sourceTree = "<group>";
		};
		279D85511BA714020096141E /* MultiplesApp */ = {
			isa = PBXGroup;
			children = (
				279D85521BA714020096141E /* AppDelegate.swift */,
				279D85541BA714020096141E /* ViewController.swift */,
				279D85561BA714020096141E /* Main.storyboard */,
				279D855B1BA714020096141E /* LaunchScreen.storyboard */,
				279D855E1BA714020096141E /* Info.plist */,
				279F16B01BB038B400883921 /* Assets.xcassets */,
			);
			path = MultiplesApp;
			sourceTree = "<group>";
		};
/* End PBXGroup section */

/* Begin PBXNativeTarget section */
		279D854E1BA714020096141E /* MultiplesApp */ = {
			isa = PBXNativeTarget;
			buildConfigurationList = 279D85611BA714020096141E /* Build configuration list for PBXNativeTarget "MultiplesApp" */;
			buildPhases = (
				279D854B1BA714020096141E /* Sources */,
				279D854C1BA714020096141E /* Frameworks */,
				279D854D1BA714020096141E /* Resources */,
			);
			buildRules = (
			);
			dependencies = (
			);
			name = MultiplesApp;
			productName = MultiplesApp;
			productReference = 279D854F1BA714020096141E /* MultiplesApp.app */;
			productType = "com.apple.product-type.application";
		};
/* End PBXNativeTarget section */

/* Begin PBXProject section */
		279D85471BA714020096141E /* Project object */ = {
			isa = PBXProject;
			attributes = {
				LastUpgradeCheck = 0710;
				ORGANIZATIONNAME = "Kestrel Design";
				TargetAttributes = {
					279D854E1BA714020096141E = {
						CreatedOnToolsVersion = 7.1;
						DevelopmentTeam = W42A594XG8;
					};
				};
			};
			buildConfigurationList = 279D854A1BA714020096141E /* Build configuration list for PBXProject "MultiplesApp" */;
			compatibilityVersion = "Xcode 3.2";
			developmentRegion = English;
			hasScannedForEncodings = 0;
			knownRegions = (
				en,
				Base,
			);
			mainGroup = 279D85461BA714020096141E;
			productRefGroup = 279D85501BA714020096141E /* Products */;
			projectDirPath = "";
			projectRoot = "";
			targets = (
				279D854E1BA714020096141E /* MultiplesApp */,
			);
		};
/* End PBXProject section */

/* Begin PBXResourcesBuildPhase section */
		279D854D1BA714020096141E /* Resources */ = {
			isa = PBXResourcesBuildPhase;
			buildActionMask = 2147483647;
			files = (
				279D855D1BA714020096141E /* LaunchScreen.storyboard in Resources */,
				279F16B11BB038B400883921 /* Assets.xcassets in Resources */,
				279D85581BA714020096141E /* Main.storyboard in Resources */,
			);
			runOnlyForDeploymentPostprocessing = 0;
		};
/* End PBXResourcesBuildPhase section */

/* Begin PBXSourcesBuildPhase section */
		279D854B1BA714020096141E /* Sources */ = {
			isa = PBXSourcesBuildPhase;
			buildActionMask = 2147483647;
			files = (
				279D85551BA714020096141E /* ViewController.swift in Sources */,
				279D85531BA714020096141E /* AppDelegate.swift in Sources */,
			);
			runOnlyForDeploymentPostprocessing = 0;
		};
/* End PBXSourcesBuildPhase section */

/* Begin PBXVariantGroup section */
		279D85561BA714020096141E /* Main.storyboard */ = {
			isa = PBXVariantGroup;
			children = (
				279D85571BA714020096141E /* Base */,
			);
			name = Main.storyboard;
			sourceTree = "<group>";
		};
		279D855B1BA714020096141E /* LaunchScreen.storyboard */ = {
			isa = PBXVariantGroup;
			children = (
				279D855C1BA714020096141E /* Base */,
			);
			name = LaunchScreen.storyboard;
			sourceTree = "<group>";
		};
/* End PBXVariantGroup section */

/* Begin XCBuildConfiguration section */
		279D855F1BA714020096141E /* Debug */ = {
			isa = XCBuildConfiguration;
			buildSettings = {
				ALWAYS_SEARCH_USER_PATHS = NO;
				CLANG_CXX_LANGUAGE_STANDARD = "gnu++0x";
				CLANG_CXX_LIBRARY = "libc++";
				CLANG_ENABLE_MODULES = YES;
				CLANG_ENABLE_OBJC_ARC = YES;
				CLANG_WARN_BOOL_CONVERSION = YES;
				CLANG_WARN_CONSTANT_CONVERSION = YES;
				CLANG_WARN_DIRECT_OBJC_ISA_USAGE = YES_ERROR;
				CLANG_WARN_EMPTY_BODY = YES;
				CLANG_WARN_ENUM_CONVERSION = YES;
				CLANG_WARN_INT_CONVERSION = YES;
				CLANG_WARN_OBJC_ROOT_CLASS = YES_ERROR;
				CLANG_WARN_UNREACHABLE_CODE = YES;
				CLANG_WARN__DUPLICATE_METHOD_MATCH = YES;
				"CODE_SIGN_IDENTITY[sdk=iphoneos*]" = "iPhone Developer";
				COPY_PHASE_STRIP = NO;
				DEBUG_INFORMATION_FORMAT = dwarf;
				ENABLE_STRICT_OBJC_MSGSEND = YES;
				ENABLE_TESTABILITY = YES;
				GCC_C_LANGUAGE_STANDARD = gnu99;
				GCC_DYNAMIC_NO_PIC = NO;
				GCC_NO_COMMON_BLOCKS = YES;
				GCC_OPTIMIZATION_LEVEL = 0;
				GCC_PREPROCESSOR_DEFINITIONS = (
					"DEBUG=1",
					"$(inherited)",
				);
				GCC_WARN_64_TO_32_BIT_CONVERSION = YES;
				GCC_WARN_ABOUT_RETURN_TYPE = YES_ERROR;
				GCC_WARN_UNDECLARED_SELECTOR = YES;
				GCC_WARN_UNINITIALIZED_AUTOS = YES_AGGRESSIVE;
				GCC_WARN_UNUSED_FUNCTION = YES;
				GCC_WARN_UNUSED_VARIABLE = YES;
				IPHONEOS_DEPLOYMENT_TARGET = 9.1;
				MTL_ENABLE_DEBUG_INFO = YES;
				ONLY_ACTIVE_ARCH = YES;
				SDKROOT = iphoneos;
				SWIFT_OPTIMIZATION_LEVEL = "-Onone";
			};
			name = Debug;
		};
		279D85601BA714020096141E /* Release */ = {
			isa = XCBuildConfiguration;
			buildSettings = {
				ALWAYS_SEARCH_USER_PATHS = NO;
				CLANG_CXX_LANGUAGE_STANDARD = "gnu++0x";
				CLANG_CXX_LIBRARY = "libc++";
				CLANG_ENABLE_MODULES = YES;
				CLANG_ENABLE_OBJC_ARC = YES;
				CLANG_WARN_BOOL_CONVERSION = YES;
				CLANG_WARN_CONSTANT_CONVERSION = YES;
				CLANG_WARN_DIRECT_OBJC_ISA_USAGE = YES_ERROR;
				CLANG_WARN_EMPTY_BODY = YES;
				CLANG_WARN_ENUM_CONVERSION = YES;
				CLANG_WARN_INT_CONVERSION = YES;
				CLANG_WARN_OBJC_ROOT_CLASS = YES_ERROR;
				CLANG_WARN_UNREACHABLE_CODE = YES;
				CLANG_WARN__DUPLICATE_METHOD_MATCH = YES;
				"CODE_SIGN_IDENTITY[sdk=iphoneos*]" = "iPhone Developer";
				COPY_PHASE_STRIP = NO;
				DEBUG_INFORMATION_FORMAT = "dwarf-with-dsym";
				ENABLE_NS_ASSERTIONS = NO;
				ENABLE_STRICT_OBJC_MSGSEND = YES;
				GCC_C_LANGUAGE_STANDARD = gnu99;
				GCC_NO_COMMON_BLOCKS = YES;
				GCC_WARN_64_TO_32_BIT_CONVERSION = YES;
				GCC_WARN_ABOUT_RETURN_TYPE = YES_ERROR;
				GCC_WARN_UNDECLARED_SELECTOR = YES;
				GCC_WARN_UNINITIALIZED_AUTOS = YES_AGGRESSIVE;
				GCC_WARN_UNUSED_FUNCTION = YES;
				GCC_WARN_UNUSED_VARIABLE = YES;
				IPHONEOS_DEPLOYMENT_TARGET = 9.1;
				MTL_ENABLE_DEBUG_INFO = NO;
				SDKROOT = iphoneos;
				VALIDATE_PRODUCT = YES;
			};
			name = Release;
		};
		279D85621BA714020096141E /* Debug */ = {
			isa = XCBuildConfiguration;
			buildSettings = {
				ASSETCATALOG_COMPILER_APPICON_NAME = AppIcon;
				INFOPLIST_FILE = MultiplesApp/Info.plist;
				IPHONEOS_DEPLOYMENT_TARGET = 9.0;
				LD_RUNPATH_SEARCH_PATHS = "$(inherited) @executable_path/Frameworks";
				PRODUCT_BUNDLE_IDENTIFIER = uk.co.kestreldesign.MultiplesApp;
				PRODUCT_NAME = "$(TARGET_NAME)";
				TARGETED_DEVICE_FAMILY = "1,2";
			};
			name = Debug;
		};
		279D85631BA714020096141E /* Release */ = {
			isa = XCBuildConfiguration;
			buildSettings = {
				ASSETCATALOG_COMPILER_APPICON_NAME = AppIcon;
				INFOPLIST_FILE = MultiplesApp/Info.plist;
				IPHONEOS_DEPLOYMENT_TARGET = 9.0;
				LD_RUNPATH_SEARCH_PATHS = "$(inherited) @executable_path/Frameworks";
				PRODUCT_BUNDLE_IDENTIFIER = uk.co.kestreldesign.MultiplesApp;
				PRODUCT_NAME = "$(TARGET_NAME)";
				TARGETED_DEVICE_FAMILY = "1,2";
			};
			name = Release;
		};
/* End XCBuildConfiguration section */

/* Begin XCConfigurationList section */
		279D854A1BA714020096141E /* Build configuration list for PBXProject "MultiplesApp" */ = {
			isa = XCConfigurationList;
			buildConfigurations = (
				279D855F1BA714020096141E /* Debug */,
				279D85601BA714020096141E /* Release */,
			);
			defaultConfigurationIsVisible = 0;
			defaultConfigurationName = Release;
		};
		279D85611BA714020096141E /* Build configuration list for PBXNativeTarget "MultiplesApp" */ = {
			isa = XCConfigurationList;
			buildConfigurations = (
				279D85621BA714020096141E /* Debug */,
				279D85631BA714020096141E /* Release */,
			);
			defaultConfigurationIsVisible = 0;
			defaultConfigurationName = Release;
		};
/* End XCConfigurationList section */
	};
	rootObject = 279D85471BA714020096141E /* Project object */;
}
